
Microsoft Visual Studio Solution File, Format Version 12.00
# Visual Studio Version 17
VisualStudioVersion = 17.9.34902.65
MinimumVisualStudioVersion = 10.0.40219.1
Project("{FAE04EC0-301F-11D3-BF4B-00C04F79EFBC}") = "InterviewTest", "InterviewTest\InterviewTest.csproj", "{E90ED1DF-2975-4C04-A4E6-A5D9FD03AC52}"
EndProject
Global
	GlobalSection(SolutionConfigurationPlatforms) = preSolution
		Debug|Any CPU = Debug|Any CPU
		Release|Any CPU = Release|Any CPU
	EndGlobalSection
	GlobalSection(ProjectConfigurationPlatforms) = postSolution
		{E90ED1DF-2975-4C04-A4E6-A5D9FD03AC52}.Debug|Any CPU.ActiveCfg = Debug|Any CPU
		{E90ED1DF-2975-4C04-A4E6-A5D9FD03AC52}.Debug|Any CPU.Build.0 = Debug|Any CPU
		{E90ED1DF-2975-4C04-A4E6-A5D9FD03AC52}.Release|Any CPU.ActiveCfg = Release|Any CPU
		{E90ED1DF-2975-4C04-A4E6-A5D9FD03AC52}.Release|Any CPU.Build.0 = Release|Any CPU
	EndGlobalSection
	GlobalSection(SolutionProperties) = preSolution
		HideSolutionNode = FALSE
	EndGlobalSection
	GlobalSection(ExtensibilityGlobals) = postSolution
		SolutionGuid = {C81B1ECA-7387-4677-97BA-7607E2D45C18}
	EndGlobalSection
EndGlobal
